
Microsoft Visual Studio Solution File, Format Version 12.00
# Visual Studio Version 17
VisualStudioVersion = 17.11.35312.102
MinimumVisualStudioVersion = 10.0.40219.1
Project("{FAE04EC0-301F-11D3-BF4B-00C04F79EFBC}") = "Lab_1", "Lab_1.csproj", "{D4C70792-57A0-4E0C-A836-250380B2C4D9}"
EndProject
Global
	GlobalSection(SolutionConfigurationPlatforms) = preSolution
		Debug|Any CPU = Debug|Any CPU
		Release|Any CPU = Release|Any CPU
	EndGlobalSection
	GlobalSection(ProjectConfigurationPlatforms) = postSolution
		{D4C70792-57A0-4E0C-A836-250380B2C4D9}.Debug|Any CPU.ActiveCfg = Debug|Any CPU
		{D4C70792-57A0-4E0C-A836-250380B2C4D9}.Debug|Any CPU.Build.0 = Debug|Any CPU
		{D4C70792-57A0-4E0C-A836-250380B2C4D9}.Release|Any CPU.ActiveCfg = Release|Any CPU
		{D4C70792-57A0-4E0C-A836-250380B2C4D9}.Release|Any CPU.Build.0 = Release|Any CPU
	EndGlobalSection
	GlobalSection(SolutionProperties) = preSolution
		HideSolutionNode = FALSE
	EndGlobalSection
	GlobalSection(ExtensibilityGlobals) = postSolution
		SolutionGuid = {D9D2728B-5DCC-4A04-AB47-B8E196DCE4ED}
	EndGlobalSection
EndGlobal
